
Microsoft Visual Studio Solution File, Format Version 11.00
# Visual C# Express 2010
Project("{FAE04EC0-301F-11D3-BF4B-00C04F79EFBC}") = "StasisGame", "StasisGame\StasisGame\StasisGame.csproj", "{E69DAE86-0C16-4192-A144-43D5E3F37790}"
EndProject
Project("{FAE04EC0-301F-11D3-BF4B-00C04F79EFBC}") = "StasisGameContent", "StasisGame\StasisGameContent\StasisGameContent.contentproj", "{21DD3CA2-2BD4-4E2F-91D5-F83873CB3769}"
EndProject
Project("{FAE04EC0-301F-11D3-BF4B-00C04F79EFBC}") = "StasisEditor", "StasisEditor\StasisEditor\StasisEditor.csproj", "{7F72DEBB-6E3F-4477-B312-AD37BC4002B9}"
EndProject
Project("{FAE04EC0-301F-11D3-BF4B-00C04F79EFBC}") = "StasisEditorContent", "StasisEditor\StasisEditorContent\StasisEditorContent.contentproj", "{3481D694-F5D9-449B-94FA-C14B4F1E19E4}"
EndProject
Project("{FAE04EC0-301F-11D3-BF4B-00C04F79EFBC}") = "StasisCore", "StasisCore\StasisCore.csproj", "{FF9881A5-29E0-4B52-8E75-42715D66842B}"
EndProject
Project("{96E2B04D-8817-42C6-938A-82C39BA4D311}") = "StasisCoreContent", "StasisCoreContent\StasisCoreContent.contentproj", "{84F6D086-1D47-489A-B334-E2058D1A752B}"
EndProject
Global
	GlobalSection(SolutionConfigurationPlatforms) = preSolution
		Debug|Any CPU = Debug|Any CPU
		Debug|x86 = Debug|x86
		Release|Any CPU = Release|Any CPU
		Release|x86 = Release|x86
	EndGlobalSection
	GlobalSection(ProjectConfigurationPlatforms) = postSolution
		{E69DAE86-0C16-4192-A144-43D5E3F37790}.Debug|Any CPU.ActiveCfg = Debug|x86
		{E69DAE86-0C16-4192-A144-43D5E3F37790}.Debug|x86.ActiveCfg = Debug|x86
		{E69DAE86-0C16-4192-A144-43D5E3F37790}.Debug|x86.Build.0 = Debug|x86
		{E69DAE86-0C16-4192-A144-43D5E3F37790}.Release|Any CPU.ActiveCfg = Release|x86
		{E69DAE86-0C16-4192-A144-43D5E3F37790}.Release|x86.ActiveCfg = Release|x86
		{E69DAE86-0C16-4192-A144-43D5E3F37790}.Release|x86.Build.0 = Release|x86
		{21DD3CA2-2BD4-4E2F-91D5-F83873CB3769}.Debug|Any CPU.ActiveCfg = Debug|x86
		{21DD3CA2-2BD4-4E2F-91D5-F83873CB3769}.Debug|x86.ActiveCfg = Debug|x86
		{21DD3CA2-2BD4-4E2F-91D5-F83873CB3769}.Release|Any CPU.ActiveCfg = Release|x86
		{21DD3CA2-2BD4-4E2F-91D5-F83873CB3769}.Release|x86.ActiveCfg = Release|x86
		{7F72DEBB-6E3F-4477-B312-AD37BC4002B9}.Debug|Any CPU.ActiveCfg = Debug|x86
		{7F72DEBB-6E3F-4477-B312-AD37BC4002B9}.Debug|x86.ActiveCfg = Debug|x86
		{7F72DEBB-6E3F-4477-B312-AD37BC4002B9}.Debug|x86.Build.0 = Debug|x86
		{7F72DEBB-6E3F-4477-B312-AD37BC4002B9}.Release|Any CPU.ActiveCfg = Release|x86
		{7F72DEBB-6E3F-4477-B312-AD37BC4002B9}.Release|x86.ActiveCfg = Release|x86
		{7F72DEBB-6E3F-4477-B312-AD37BC4002B9}.Release|x86.Build.0 = Release|x86
		{3481D694-F5D9-449B-94FA-C14B4F1E19E4}.Debug|Any CPU.ActiveCfg = Debug|x86
		{3481D694-F5D9-449B-94FA-C14B4F1E19E4}.Debug|x86.ActiveCfg = Debug|x86
		{3481D694-F5D9-449B-94FA-C14B4F1E19E4}.Release|Any CPU.ActiveCfg = Release|x86
		{3481D694-F5D9-449B-94FA-C14B4F1E19E4}.Release|x86.ActiveCfg = Release|x86
		{FF9881A5-29E0-4B52-8E75-42715D66842B}.Debug|Any CPU.ActiveCfg = Debug|x86
		{FF9881A5-29E0-4B52-8E75-42715D66842B}.Debug|x86.ActiveCfg = Debug|x86
		{FF9881A5-29E0-4B52-8E75-42715D66842B}.Debug|x86.Build.0 = Debug|x86
		{FF9881A5-29E0-4B52-8E75-42715D66842B}.Release|Any CPU.ActiveCfg = Release|x86
		{FF9881A5-29E0-4B52-8E75-42715D66842B}.Release|x86.ActiveCfg = Release|x86
		{FF9881A5-29E0-4B52-8E75-42715D66842B}.Release|x86.Build.0 = Release|x86
		{84F6D086-1D47-489A-B334-E2058D1A752B}.Debug|Any CPU.ActiveCfg = Debug|Any CPU
		{84F6D086-1D47-489A-B334-E2058D1A752B}.Debug|x86.ActiveCfg = Debug|Any CPU
		{84F6D086-1D47-489A-B334-E2058D1A752B}.Release|Any CPU.ActiveCfg = Debug|Any CPU
		{84F6D086-1D47-489A-B334-E2058D1A752B}.Release|x86.ActiveCfg = Debug|Any CPU
	EndGlobalSection
	GlobalSection(SolutionProperties) = preSolution
		HideSolutionNode = FALSE
	EndGlobalSection
EndGlobal
